{
  "name": "@thimayarohit/common",
  "version": "1.0.9",
  "lockfileVersion": 3,
  "requires": true,
  "packages": {
    "": {
      "name": "@thimayarohit/common",
      "version": "1.0.9",
      "license": "ISC",
      "dependencies": {
        "@thimayarohit/common": "^1.0.7",
        "zod": "^3.22.4"
      }
    },
    "node_modules/@thimayarohit/common": {
      "version": "1.0.7",
      "resolved": "https://registry.npmjs.org/@thimayarohit/common/-/common-1.0.7.tgz",
      "integrity": "sha512-ENQoXtxpdVGXVY9Ma8E2xr0G8Ve5MRDMPvStIQLTDvPoGA289AYSjpSzV8iv230U5VaoVp2bo2gdjqYzBPRo1Q==",
      "dependencies": {
        "@thimayarohit/common": "^1.0.5",
        "zod": "^3.22.4"
      }
    },
    "node_modules/zod": {
      "version": "3.22.4",
      "resolved": "https://registry.npmjs.org/zod/-/zod-3.22.4.tgz",
      "integrity": "sha512-iC+8Io04lddc+mVqQ9AZ7OQ2MrUKGN+oIQyq1vemgt46jwCwLfhq7/pwnBnNXXXZb8VTVLKwp9EDkx+ryxIWmg==",
      "funding": {
        "url": "https://github.com/sponsors/colinhacks"
      }
    }
  }
}
